
Microsoft Visual Studio Solution File, Format Version 12.00
# Visual Studio Version 17
VisualStudioVersion = 17.8.34004.107
MinimumVisualStudioVersion = 10.0.40219.1
Project("{9A19103F-16F7-4668-BE54-9A1E7A4F7556}") = "TreeSitterSharp", "src\TreeSitterSharp\TreeSitterSharp.csproj", "{C794DAB1-EF44-4236-BD00-46CF8738B17F}"
EndProject
Project("{2150E333-8FDC-42A3-9474-1A3956D46DE8}") = "解决方案项", "解决方案项", "{02BDF044-8ACA-46C0-9F5B-9DB5B5EF6EA7}"
	ProjectSection(SolutionItems) = preProject
		.editorconfig = .editorconfig
		.gitignore = .gitignore
		Directory.Build.props = Directory.Build.props
		Directory.Build.targets = Directory.Build.targets
		dotnet-releaser.toml = dotnet-releaser.toml
		global.json = global.json
		LICENSE.txt = LICENSE.txt
		nuget.config = nuget.config
		README.md = README.md
	EndProjectSection
EndProject
Project("{9A19103F-16F7-4668-BE54-9A1E7A4F7556}") = "TreeSitterSharp.C", "src\TreeSitterSharp.C\TreeSitterSharp.C.csproj", "{4612E944-9A22-4D15-8065-3B65E707698F}"
EndProject
Project("{9A19103F-16F7-4668-BE54-9A1E7A4F7556}") = "TreeSitterSharp.Cpp", "src\TreeSitterSharp.Cpp\TreeSitterSharp.Cpp.csproj", "{1D6EF250-CDDF-47BB-AD6C-FA6CD5E683CE}"
EndProject
Project("{9A19103F-16F7-4668-BE54-9A1E7A4F7556}") = "TreeSitterSharp.Lua", "src\TreeSitterSharp.Lua\TreeSitterSharp.Lua.csproj", "{4C839950-8118-4958-A0AE-1569A71D4A11}"
EndProject
Project("{9A19103F-16F7-4668-BE54-9A1E7A4F7556}") = "TreeSitterSharp.C.Tests", "tests\TreeSitterSharp.C.Tests\TreeSitterSharp.C.Tests.csproj", "{2109968E-BA8C-45CF-9A5F-582A9214E7A0}"
EndProject
Project("{9A19103F-16F7-4668-BE54-9A1E7A4F7556}") = "TreeSitterSharp.Json", "src\TreeSitterSharp.Json\TreeSitterSharp.Json.csproj", "{D58314E0-74AD-41D6-8FF1-A653E6BBDB98}"
EndProject
Project("{9A19103F-16F7-4668-BE54-9A1E7A4F7556}") = "TreeSitterSharp.Json.Tests", "tests\TreeSitterSharp.Json.Tests\TreeSitterSharp.Json.Tests.csproj", "{9CD39ADD-A840-48AF-8A16-5CF16631DE00}"
EndProject
Project("{FAE04EC0-301F-11D3-BF4B-00C04F79EFBC}") = "TreeSitterSharp.NodeTypesSourceGenerators", "src\TreeSitterSharp.NodeTypesSourceGenerators\TreeSitterSharp.NodeTypesSourceGenerators.csproj", "{0B76D02A-39E8-482F-A3F6-6BD22358A496}"
EndProject
Global
	GlobalSection(SolutionConfigurationPlatforms) = preSolution
		Debug|Any CPU = Debug|Any CPU
		Release|Any CPU = Release|Any CPU
	EndGlobalSection
	GlobalSection(ProjectConfigurationPlatforms) = postSolution
		{C794DAB1-EF44-4236-BD00-46CF8738B17F}.Debug|Any CPU.ActiveCfg = Debug|Any CPU
		{C794DAB1-EF44-4236-BD00-46CF8738B17F}.Debug|Any CPU.Build.0 = Debug|Any CPU
		{C794DAB1-EF44-4236-BD00-46CF8738B17F}.Release|Any CPU.ActiveCfg = Release|Any CPU
		{C794DAB1-EF44-4236-BD00-46CF8738B17F}.Release|Any CPU.Build.0 = Release|Any CPU
		{4612E944-9A22-4D15-8065-3B65E707698F}.Debug|Any CPU.ActiveCfg = Debug|Any CPU
		{4612E944-9A22-4D15-8065-3B65E707698F}.Debug|Any CPU.Build.0 = Debug|Any CPU
		{4612E944-9A22-4D15-8065-3B65E707698F}.Release|Any CPU.ActiveCfg = Release|Any CPU
		{4612E944-9A22-4D15-8065-3B65E707698F}.Release|Any CPU.Build.0 = Release|Any CPU
		{1D6EF250-CDDF-47BB-AD6C-FA6CD5E683CE}.Debug|Any CPU.ActiveCfg = Debug|Any CPU
		{1D6EF250-CDDF-47BB-AD6C-FA6CD5E683CE}.Debug|Any CPU.Build.0 = Debug|Any CPU
		{1D6EF250-CDDF-47BB-AD6C-FA6CD5E683CE}.Release|Any CPU.ActiveCfg = Release|Any CPU
		{1D6EF250-CDDF-47BB-AD6C-FA6CD5E683CE}.Release|Any CPU.Build.0 = Release|Any CPU
		{4C839950-8118-4958-A0AE-1569A71D4A11}.Debug|Any CPU.ActiveCfg = Debug|Any CPU
		{4C839950-8118-4958-A0AE-1569A71D4A11}.Debug|Any CPU.Build.0 = Debug|Any CPU
		{4C839950-8118-4958-A0AE-1569A71D4A11}.Release|Any CPU.ActiveCfg = Release|Any CPU
		{4C839950-8118-4958-A0AE-1569A71D4A11}.Release|Any CPU.Build.0 = Release|Any CPU
		{2109968E-BA8C-45CF-9A5F-582A9214E7A0}.Debug|Any CPU.ActiveCfg = Debug|Any CPU
		{2109968E-BA8C-45CF-9A5F-582A9214E7A0}.Debug|Any CPU.Build.0 = Debug|Any CPU
		{2109968E-BA8C-45CF-9A5F-582A9214E7A0}.Release|Any CPU.ActiveCfg = Release|Any CPU
		{2109968E-BA8C-45CF-9A5F-582A9214E7A0}.Release|Any CPU.Build.0 = Release|Any CPU
		{D58314E0-74AD-41D6-8FF1-A653E6BBDB98}.Debug|Any CPU.ActiveCfg = Debug|Any CPU
		{D58314E0-74AD-41D6-8FF1-A653E6BBDB98}.Debug|Any CPU.Build.0 = Debug|Any CPU
		{D58314E0-74AD-41D6-8FF1-A653E6BBDB98}.Release|Any CPU.ActiveCfg = Release|Any CPU
		{D58314E0-74AD-41D6-8FF1-A653E6BBDB98}.Release|Any CPU.Build.0 = Release|Any CPU
		{9CD39ADD-A840-48AF-8A16-5CF16631DE00}.Debug|Any CPU.ActiveCfg = Debug|Any CPU
		{9CD39ADD-A840-48AF-8A16-5CF16631DE00}.Debug|Any CPU.Build.0 = Debug|Any CPU
		{9CD39ADD-A840-48AF-8A16-5CF16631DE00}.Release|Any CPU.ActiveCfg = Release|Any CPU
		{9CD39ADD-A840-48AF-8A16-5CF16631DE00}.Release|Any CPU.Build.0 = Release|Any CPU
		{0B76D02A-39E8-482F-A3F6-6BD22358A496}.Debug|Any CPU.ActiveCfg = Debug|Any CPU
		{0B76D02A-39E8-482F-A3F6-6BD22358A496}.Debug|Any CPU.Build.0 = Debug|Any CPU
		{0B76D02A-39E8-482F-A3F6-6BD22358A496}.Release|Any CPU.ActiveCfg = Release|Any CPU
		{0B76D02A-39E8-482F-A3F6-6BD22358A496}.Release|Any CPU.Build.0 = Release|Any CPU
	EndGlobalSection
	GlobalSection(SolutionProperties) = preSolution
		HideSolutionNode = FALSE
	EndGlobalSection
	GlobalSection(ExtensibilityGlobals) = postSolution
		SolutionGuid = {EAE0DC50-AAB4-4A9E-BCB6-FD4F451A4E4A}
	EndGlobalSection
EndGlobal
